
Microsoft Visual Studio Solution File, Format Version 12.00
# Visual Studio 2012
Project("{FAE04EC0-301F-11D3-BF4B-00C04F79EFBC}") = "Messages", "Messages\Messages.csproj", "{D640DE10-596F-4541-BAE0-4D3F39913D8F}"
EndProject
Project("{FAE04EC0-301F-11D3-BF4B-00C04F79EFBC}") = "MessagesTest", "MessagesTest\MessagesTest.csproj", "{C5BEBE46-8A03-4D2A-BFC4-3DDCA7AA5D1E}"
EndProject
Project("{FAE04EC0-301F-11D3-BF4B-00C04F79EFBC}") = "Conversations", "Conversations\Conversations.csproj", "{21AAC31A-BE8A-4863-96B7-66213EE651D4}"
EndProject
Global
	GlobalSection(SolutionConfigurationPlatforms) = preSolution
		Debug|Any CPU = Debug|Any CPU
		Release|Any CPU = Release|Any CPU
	EndGlobalSection
	GlobalSection(ProjectConfigurationPlatforms) = postSolution
		{D640DE10-596F-4541-BAE0-4D3F39913D8F}.Debug|Any CPU.ActiveCfg = Debug|Any CPU
		{D640DE10-596F-4541-BAE0-4D3F39913D8F}.Debug|Any CPU.Build.0 = Debug|Any CPU
		{D640DE10-596F-4541-BAE0-4D3F39913D8F}.Release|Any CPU.ActiveCfg = Release|Any CPU
		{D640DE10-596F-4541-BAE0-4D3F39913D8F}.Release|Any CPU.Build.0 = Release|Any CPU
		{C5BEBE46-8A03-4D2A-BFC4-3DDCA7AA5D1E}.Debug|Any CPU.ActiveCfg = Debug|Any CPU
		{C5BEBE46-8A03-4D2A-BFC4-3DDCA7AA5D1E}.Debug|Any CPU.Build.0 = Debug|Any CPU
		{C5BEBE46-8A03-4D2A-BFC4-3DDCA7AA5D1E}.Release|Any CPU.ActiveCfg = Release|Any CPU
		{C5BEBE46-8A03-4D2A-BFC4-3DDCA7AA5D1E}.Release|Any CPU.Build.0 = Release|Any CPU
		{21AAC31A-BE8A-4863-96B7-66213EE651D4}.Debug|Any CPU.ActiveCfg = Debug|Any CPU
		{21AAC31A-BE8A-4863-96B7-66213EE651D4}.Debug|Any CPU.Build.0 = Debug|Any CPU
		{21AAC31A-BE8A-4863-96B7-66213EE651D4}.Release|Any CPU.ActiveCfg = Release|Any CPU
		{21AAC31A-BE8A-4863-96B7-66213EE651D4}.Release|Any CPU.Build.0 = Release|Any CPU
	EndGlobalSection
	GlobalSection(SolutionProperties) = preSolution
		HideSolutionNode = FALSE
	EndGlobalSection
EndGlobal
